
Microsoft Visual Studio Solution File, Format Version 12.00
# Visual Studio 15
VisualStudioVersion = 15.0.27703.2042
MinimumVisualStudioVersion = 10.0.40219.1
Project("{9A19103F-16F7-4668-BE54-9A1E7A4F7556}") = "CathedralKitchen", "PizzaButt\CathedralKitchen.csproj", "{872D83F4-F93B-45FE-B53A-C8534A7CFA69}"
EndProject
Global
	GlobalSection(SolutionConfigurationPlatforms) = preSolution
		Debug|Any CPU = Debug|Any CPU
		Release|Any CPU = Release|Any CPU
	EndGlobalSection
	GlobalSection(ProjectConfigurationPlatforms) = postSolution
		{872D83F4-F93B-45FE-B53A-C8534A7CFA69}.Debug|Any CPU.ActiveCfg = Debug|Any CPU
		{872D83F4-F93B-45FE-B53A-C8534A7CFA69}.Debug|Any CPU.Build.0 = Debug|Any CPU
		{872D83F4-F93B-45FE-B53A-C8534A7CFA69}.Release|Any CPU.ActiveCfg = Debug|Any CPU
		{872D83F4-F93B-45FE-B53A-C8534A7CFA69}.Release|Any CPU.Build.0 = Debug|Any CPU
	EndGlobalSection
	GlobalSection(SolutionProperties) = preSolution
		HideSolutionNode = FALSE
	EndGlobalSection
	GlobalSection(ExtensibilityGlobals) = postSolution
		SolutionGuid = {7D30CA8B-E233-469F-9A74-086BE4C700B9}
	EndGlobalSection
EndGlobal
